
Microsoft Visual Studio Solution File, Format Version 12.00
# Visual Studio 15
VisualStudioVersion = 15.0.28307.106
MinimumVisualStudioVersion = 10.0.40219.1
Project("{FAE04EC0-301F-11D3-BF4B-00C04F79EFBC}") = "Dialer", "Dialer\Dialer.csproj", "{EA450EBD-6261-40BE-81F2-4864B8763B19}"
EndProject
Global
	GlobalSection(SolutionConfigurationPlatforms) = preSolution
		Debug|Any CPU = Debug|Any CPU
		Release|Any CPU = Release|Any CPU
	EndGlobalSection
	GlobalSection(ProjectConfigurationPlatforms) = postSolution
		{EA450EBD-6261-40BE-81F2-4864B8763B19}.Debug|Any CPU.ActiveCfg = Debug|Any CPU
		{EA450EBD-6261-40BE-81F2-4864B8763B19}.Debug|Any CPU.Build.0 = Debug|Any CPU
		{EA450EBD-6261-40BE-81F2-4864B8763B19}.Release|Any CPU.ActiveCfg = Release|Any CPU
		{EA450EBD-6261-40BE-81F2-4864B8763B19}.Release|Any CPU.Build.0 = Release|Any CPU
	EndGlobalSection
	GlobalSection(SolutionProperties) = preSolution
		HideSolutionNode = FALSE
	EndGlobalSection
	GlobalSection(ExtensibilityGlobals) = postSolution
		SolutionGuid = {66A9C8BA-3CF6-4323-9A2E-64ABDF47706D}
	EndGlobalSection
EndGlobal
